{
  "object": {
    "pins": [
      {
        "package": "datastructures",
        "repositoryURL": "git@github.com:chrisgroe/datastructures.git",
        "state": {
          "branch": "master",
          "revision": "1aff526e68588fd6de304a6ff469dd36c6c76187",
          "version": null
        }
      }
    ]
  },
  "version": 1
}
