{
  "object": {
    "pins": [
      {
        "package": "datastructures",
        "repositoryURL": "git@github.com:chrisgroe/datastructures.git",
        "state": {
          "branch": "master",
          "revision": "34b00869c7892bab63b441a4511345e4bd70970d",
          "version": null
        }
      }
    ]
  },
  "version": 1
}
